// !$*UTF8*$!
{
	archiveVersion = 1;
	classes = {
	};
	objectVersion = 50;
	objects = {

/* Begin PBXBuildFile section */
		FE7D260022FB9DA200554289 /* AppDelegate.swift in Sources */ = {isa = PBXBuildFile; fileRef = FE7D25FF22FB9DA200554289 /* AppDelegate.swift */; };
		FE7D260222FB9DA200554289 /* ViewController.swift in Sources */ = {isa = PBXBuildFile; fileRef = FE7D260122FB9DA200554289 /* ViewController.swift */; };
		FE7D260522FB9DA200554289 /* Main.storyboard in Resources */ = {isa = PBXBuildFile; fileRef = FE7D260322FB9DA200554289 /* Main.storyboard */; };
		FE7D260822FB9DA200554289 /* Mushrooms.xcdatamodeld in Sources */ = {isa = PBXBuildFile; fileRef = FE7D260622FB9DA200554289 /* Mushrooms.xcdatamodeld */; };
		FE7D260A22FB9DA400554289 /* Assets.xcassets in Resources */ = {isa = PBXBuildFile; fileRef = FE7D260922FB9DA400554289 /* Assets.xcassets */; };
		FE7D260D22FB9DA400554289 /* LaunchScreen.storyboard in Resources */ = {isa = PBXBuildFile; fileRef = FE7D260B22FB9DA400554289 /* LaunchScreen.storyboard */; };
/* End PBXBuildFile section */

/* Begin PBXFileReference section */
		FE7D25FC22FB9DA200554289 /* Mushrooms.app */ = {isa = PBXFileReference; explicitFileType = wrapper.application; includeInIndex = 0; path = Mushrooms.app; sourceTree = BUILT_PRODUCTS_DIR; };
		FE7D25FF22FB9DA200554289 /* AppDelegate.swift */ = {isa = PBXFileReference; lastKnownFileType = sourcecode.swift; path = AppDelegate.swift; sourceTree = "<group>"; };
		FE7D260122FB9DA200554289 /* ViewController.swift */ = {isa = PBXFileReference; lastKnownFileType = sourcecode.swift; path = ViewController.swift; sourceTree = "<group>"; };
		FE7D260422FB9DA200554289 /* Base */ = {isa = PBXFileReference; lastKnownFileType = file.storyboard; name = Base; path = Base.lproj/Main.storyboard; sourceTree = "<group>"; };
		FE7D260722FB9DA200554289 /* Mushrooms.xcdatamodel */ = {isa = PBXFileReference; lastKnownFileType = wrapper.xcdatamodel; path = Mushrooms.xcdatamodel; sourceTree = "<group>"; };
		FE7D260922FB9DA400554289 /* Assets.xcassets */ = {isa = PBXFileReference; lastKnownFileType = folder.assetcatalog; path = Assets.xcassets; sourceTree = "<group>"; };
		FE7D260C22FB9DA400554289 /* Base */ = {isa = PBXFileReference; lastKnownFileType = file.storyboard; name = Base; path = Base.lproj/LaunchScreen.storyboard; sourceTree = "<group>"; };
		FE7D260E22FB9DA400554289 /* Info.plist */ = {isa = PBXFileReference; lastKnownFileType = text.plist.xml; path = Info.plist; sourceTree = "<group>"; };
/* End PBXFileReference section */

/* Begin PBXFrameworksBuildPhase section */
		FE7D25F922FB9DA200554289 /* Frameworks */ = {
			isa = PBXFrameworksBuildPhase;
			buildActionMask = 2147483647;
			files = (
			);
			runOnlyForDeploymentPostprocessing = 0;
		};
/* End PBXFrameworksBuildPhase section */

/* Begin PBXGroup section */
		FE7D25F322FB9DA200554289 = {
			isa = PBXGroup;
			children = (
				FE7D25FE22FB9DA200554289 /* Mushrooms */,
				FE7D25FD22FB9DA200554289 /* Products */,
			);
			sourceTree = "<group>";
		};
		FE7D25FD22FB9DA200554289 /* Products */ = {
			isa = PBXGroup;
			children = (
				FE7D25FC22FB9DA200554289 /* Mushrooms.app */,
			);
			name = Products;
			sourceTree = "<group>";
		};
		FE7D25FE22FB9DA200554289 /* Mushrooms */ = {
			isa = PBXGroup;
			children = (
				FE7D25FF22FB9DA200554289 /* AppDelegate.swift */,
				FE7D260122FB9DA200554289 /* ViewController.swift */,
				FE7D260322FB9DA200554289 /* Main.storyboard */,
				FE7D260922FB9DA400554289 /* Assets.xcassets */,
				FE7D260B22FB9DA400554289 /* LaunchScreen.storyboard */,
				FE7D260E22FB9DA400554289 /* Info.plist */,
				FE7D260622FB9DA200554289 /* Mushrooms.xcdatamodeld */,
			);
			path = Mushrooms;
			sourceTree = "<group>";
		};
/* End PBXGroup section */

/* Begin PBXNativeTarget section */
		FE7D25FB22FB9DA200554289 /* Mushrooms */ = {
			isa = PBXNativeTarget;
			buildConfigurationList = FE7D261122FB9DA400554289 /* Build configuration list for PBXNativeTarget "Mushrooms" */;
			buildPhases = (
				FE7D25F822FB9DA200554289 /* Sources */,
				FE7D25F922FB9DA200554289 /* Frameworks */,
				FE7D25FA22FB9DA200554289 /* Resources */,
			);
			buildRules = (
			);
			dependencies = (
			);
			name = Mushrooms;
			productName = Mushrooms;
			productReference = FE7D25FC22FB9DA200554289 /* Mushrooms.app */;
			productType = "com.apple.product-type.application";
		};
/* End PBXNativeTarget section */

/* Begin PBXProject section */
		FE7D25F422FB9DA200554289 /* Project object */ = {
			isa = PBXProject;
			attributes = {
				LastSwiftUpdateCheck = 1030;
				LastUpgradeCheck = 1030;
				ORGANIZATIONNAME = n3deep;
				TargetAttributes = {
					FE7D25FB22FB9DA200554289 = {
						CreatedOnToolsVersion = 10.3;
					};
				};
			};
			buildConfigurationList = FE7D25F722FB9DA200554289 /* Build configuration list for PBXProject "Mushrooms" */;
			compatibilityVersion = "Xcode 9.3";
			developmentRegion = en;
			hasScannedForEncodings = 0;
			knownRegions = (
				en,
				Base,
			);
			mainGroup = FE7D25F322FB9DA200554289;
			productRefGroup = FE7D25FD22FB9DA200554289 /* Products */;
			projectDirPath = "";
			projectRoot = "";
			targets = (
				FE7D25FB22FB9DA200554289 /* Mushrooms */,
			);
		};
/* End PBXProject section */

/* Begin PBXResourcesBuildPhase section */
		FE7D25FA22FB9DA200554289 /* Resources */ = {
			isa = PBXResourcesBuildPhase;
			buildActionMask = 2147483647;
			files = (
				FE7D260D22FB9DA400554289 /* LaunchScreen.storyboard in Resources */,
				FE7D260A22FB9DA400554289 /* Assets.xcassets in Resources */,
				FE7D260522FB9DA200554289 /* Main.storyboard in Resources */,
			);
			runOnlyForDeploymentPostprocessing = 0;
		};
/* End PBXResourcesBuildPhase section */

/* Begin PBXSourcesBuildPhase section */
		FE7D25F822FB9DA200554289 /* Sources */ = {
			isa = PBXSourcesBuildPhase;
			buildActionMask = 2147483647;
			files = (
				FE7D260222FB9DA200554289 /* ViewController.swift in Sources */,
				FE7D260822FB9DA200554289 /* Mushrooms.xcdatamodeld in Sources */,
				FE7D260022FB9DA200554289 /* AppDelegate.swift in Sources */,
			);
			runOnlyForDeploymentPostprocessing = 0;
		};
/* End PBXSourcesBuildPhase section */

/* Begin PBXVariantGroup section */
		FE7D260322FB9DA200554289 /* Main.storyboard */ = {
			isa = PBXVariantGroup;
			children = (
				FE7D260422FB9DA200554289 /* Base */,
			);
			name = Main.storyboard;
			sourceTree = "<group>";
		};
		FE7D260B22FB9DA400554289 /* LaunchScreen.storyboard */ = {
			isa = PBXVariantGroup;
			children = (
				FE7D260C22FB9DA400554289 /* Base */,
			);
			name = LaunchScreen.storyboard;
			sourceTree = "<group>";
		};
/* End PBXVariantGroup section */

/* Begin XCBuildConfiguration section */
		FE7D260F22FB9DA400554289 /* Debug */ = {
			isa = XCBuildConfiguration;
			buildSettings = {
				ALWAYS_SEARCH_USER_PATHS = NO;
				CLANG_ANALYZER_NONNULL = YES;
				CLANG_ANALYZER_NUMBER_OBJECT_CONVERSION = YES_AGGRESSIVE;
				CLANG_CXX_LANGUAGE_STANDARD = "gnu++14";
				CLANG_CXX_LIBRARY = "libc++";
				CLANG_ENABLE_MODULES = YES;
				CLANG_ENABLE_OBJC_ARC = YES;
				CLANG_ENABLE_OBJC_WEAK = YES;
				CLANG_WARN_BLOCK_CAPTURE_AUTORELEASING = YES;
				CLANG_WARN_BOOL_CONVERSION = YES;
				CLANG_WARN_COMMA = YES;
				CLANG_WARN_CONSTANT_CONVERSION = YES;
				CLANG_WARN_DEPRECATED_OBJC_IMPLEMENTATIONS = YES;
				CLANG_WARN_DIRECT_OBJC_ISA_USAGE = YES_ERROR;
				CLANG_WARN_DOCUMENTATION_COMMENTS = YES;
				CLANG_WARN_EMPTY_BODY = YES;
				CLANG_WARN_ENUM_CONVERSION = YES;
				CLANG_WARN_INFINITE_RECURSION = YES;
				CLANG_WARN_INT_CONVERSION = YES;
				CLANG_WARN_NON_LITERAL_NULL_CONVERSION = YES;
				CLANG_WARN_OBJC_IMPLICIT_RETAIN_SELF = YES;
				CLANG_WARN_OBJC_LITERAL_CONVERSION = YES;
				CLANG_WARN_OBJC_ROOT_CLASS = YES_ERROR;
				CLANG_WARN_RANGE_LOOP_ANALYSIS = YES;
				CLANG_WARN_STRICT_PROTOTYPES = YES;
				CLANG_WARN_SUSPICIOUS_MOVE = YES;
				CLANG_WARN_UNGUARDED_AVAILABILITY = YES_AGGRESSIVE;
				CLANG_WARN_UNREACHABLE_CODE = YES;
				CLANG_WARN__DUPLICATE_METHOD_MATCH = YES;
				CODE_SIGN_IDENTITY = "iPhone Developer";
				COPY_PHASE_STRIP = NO;
				DEBUG_INFORMATION_FORMAT = dwarf;
				ENABLE_STRICT_OBJC_MSGSEND = YES;
				ENABLE_TESTABILITY = YES;
				GCC_C_LANGUAGE_STANDARD = gnu11;
				GCC_DYNAMIC_NO_PIC = NO;
				GCC_NO_COMMON_BLOCKS = YES;
				GCC_OPTIMIZATION_LEVEL = 0;
				GCC_PREPROCESSOR_DEFINITIONS = (
					"DEBUG=1",
					"$(inherited)",
				);
				GCC_WARN_64_TO_32_BIT_CONVERSION = YES;
				GCC_WARN_ABOUT_RETURN_TYPE = YES_ERROR;
				GCC_WARN_UNDECLARED_SELECTOR = YES;
				GCC_WARN_UNINITIALIZED_AUTOS = YES_AGGRESSIVE;
				GCC_WARN_UNUSED_FUNCTION = YES;
				GCC_WARN_UNUSED_VARIABLE = YES;
				IPHONEOS_DEPLOYMENT_TARGET = 12.4;
				MTL_ENABLE_DEBUG_INFO = INCLUDE_SOURCE;
				MTL_FAST_MATH = YES;
				ONLY_ACTIVE_ARCH = YES;
				SDKROOT = iphoneos;
				SWIFT_ACTIVE_COMPILATION_CONDITIONS = DEBUG;
				SWIFT_OPTIMIZATION_LEVEL = "-Onone";
			};
			name = Debug;
		};
		FE7D261022FB9DA400554289 /* Release */ = {
			isa = XCBuildConfiguration;
			buildSettings = {
				ALWAYS_SEARCH_USER_PATHS = NO;
				CLANG_ANALYZER_NONNULL = YES;
				CLANG_ANALYZER_NUMBER_OBJECT_CONVERSION = YES_AGGRESSIVE;
				CLANG_CXX_LANGUAGE_STANDARD = "gnu++14";
				CLANG_CXX_LIBRARY = "libc++";
				CLANG_ENABLE_MODULES = YES;
				CLANG_ENABLE_OBJC_ARC = YES;
				CLANG_ENABLE_OBJC_WEAK = YES;
				CLANG_WARN_BLOCK_CAPTURE_AUTORELEASING = YES;
				CLANG_WARN_BOOL_CONVERSION = YES;
				CLANG_WARN_COMMA = YES;
				CLANG_WARN_CONSTANT_CONVERSION = YES;
				CLANG_WARN_DEPRECATED_OBJC_IMPLEMENTATIONS = YES;
				CLANG_WARN_DIRECT_OBJC_ISA_USAGE = YES_ERROR;
				CLANG_WARN_DOCUMENTATION_COMMENTS = YES;
				CLANG_WARN_EMPTY_BODY = YES;
				CLANG_WARN_ENUM_CONVERSION = YES;
				CLANG_WARN_INFINITE_RECURSION = YES;
				CLANG_WARN_INT_CONVERSION = YES;
				CLANG_WARN_NON_LITERAL_NULL_CONVERSION = YES;
				CLANG_WARN_OBJC_IMPLICIT_RETAIN_SELF = YES;
				CLANG_WARN_OBJC_LITERAL_CONVERSION = YES;
				CLANG_WARN_OBJC_ROOT_CLASS = YES_ERROR;
				CLANG_WARN_RANGE_LOOP_ANALYSIS = YES;
				CLANG_WARN_STRICT_PROTOTYPES = YES;
				CLANG_WARN_SUSPICIOUS_MOVE = YES;
				CLANG_WARN_UNGUARDED_AVAILABILITY = YES_AGGRESSIVE;
				CLANG_WARN_UNREACHABLE_CODE = YES;
				CLANG_WARN__DUPLICATE_METHOD_MATCH = YES;
				CODE_SIGN_IDENTITY = "iPhone Developer";
				COPY_PHASE_STRIP = NO;
				DEBUG_INFORMATION_FORMAT = "dwarf-with-dsym";
				ENABLE_NS_ASSERTIONS = NO;
				ENABLE_STRICT_OBJC_MSGSEND = YES;
				GCC_C_LANGUAGE_STANDARD = gnu11;
				GCC_NO_COMMON_BLOCKS = YES;
				GCC_WARN_64_TO_32_BIT_CONVERSION = YES;
				GCC_WARN_ABOUT_RETURN_TYPE = YES_ERROR;
				GCC_WARN_UNDECLARED_SELECTOR = YES;
				GCC_WARN_UNINITIALIZED_AUTOS = YES_AGGRESSIVE;
				GCC_WARN_UNUSED_FUNCTION = YES;
				GCC_WARN_UNUSED_VARIABLE = YES;
				IPHONEOS_DEPLOYMENT_TARGET = 12.4;
				MTL_ENABLE_DEBUG_INFO = NO;
				MTL_FAST_MATH = YES;
				SDKROOT = iphoneos;
				SWIFT_COMPILATION_MODE = wholemodule;
				SWIFT_OPTIMIZATION_LEVEL = "-O";
				VALIDATE_PRODUCT = YES;
			};
			name = Release;
		};
		FE7D261222FB9DA400554289 /* Debug */ = {
			isa = XCBuildConfiguration;
			buildSettings = {
				ASSETCATALOG_COMPILER_APPICON_NAME = AppIcon;
				CODE_SIGN_STYLE = Automatic;
				DEVELOPMENT_TEAM = Y2Q5NV2MXV;
				INFOPLIST_FILE = Mushrooms/Info.plist;
				LD_RUNPATH_SEARCH_PATHS = (
					"$(inherited)",
					"@executable_path/Frameworks",
				);
				PRODUCT_BUNDLE_IDENTIFIER = com.n3deep.Mushrooms;
				PRODUCT_NAME = "$(TARGET_NAME)";
				SWIFT_VERSION = 5.0;
				TARGETED_DEVICE_FAMILY = "1,2";
			};
			name = Debug;
		};
		FE7D261322FB9DA400554289 /* Release */ = {
			isa = XCBuildConfiguration;
			buildSettings = {
				ASSETCATALOG_COMPILER_APPICON_NAME = AppIcon;
				CODE_SIGN_STYLE = Automatic;
				DEVELOPMENT_TEAM = Y2Q5NV2MXV;
				INFOPLIST_FILE = Mushrooms/Info.plist;
				LD_RUNPATH_SEARCH_PATHS = (
					"$(inherited)",
					"@executable_path/Frameworks",
				);
				PRODUCT_BUNDLE_IDENTIFIER = com.n3deep.Mushrooms;
				PRODUCT_NAME = "$(TARGET_NAME)";
				SWIFT_VERSION = 5.0;
				TARGETED_DEVICE_FAMILY = "1,2";
			};
			name = Release;
		};
/* End XCBuildConfiguration section */

/* Begin XCConfigurationList section */
		FE7D25F722FB9DA200554289 /* Build configuration list for PBXProject "Mushrooms" */ = {
			isa = XCConfigurationList;
			buildConfigurations = (
				FE7D260F22FB9DA400554289 /* Debug */,
				FE7D261022FB9DA400554289 /* Release */,
			);
			defaultConfigurationIsVisible = 0;
			defaultConfigurationName = Release;
		};
		FE7D261122FB9DA400554289 /* Build configuration list for PBXNativeTarget "Mushrooms" */ = {
			isa = XCConfigurationList;
			buildConfigurations = (
				FE7D261222FB9DA400554289 /* Debug */,
				FE7D261322FB9DA400554289 /* Release */,
			);
			defaultConfigurationIsVisible = 0;
			defaultConfigurationName = Release;
		};
/* End XCConfigurationList section */

/* Begin XCVersionGroup section */
		FE7D260622FB9DA200554289 /* Mushrooms.xcdatamodeld */ = {
			isa = XCVersionGroup;
			children = (
				FE7D260722FB9DA200554289 /* Mushrooms.xcdatamodel */,
			);
			currentVersion = FE7D260722FB9DA200554289 /* Mushrooms.xcdatamodel */;
			path = Mushrooms.xcdatamodeld;
			sourceTree = "<group>";
			versionGroupType = wrapper.xcdatamodel;
		};
/* End XCVersionGroup section */
	};
	rootObject = FE7D25F422FB9DA200554289 /* Project object */;
}
